
Microsoft Visual Studio Solution File, Format Version 12.00
# Visual Studio Version 17
VisualStudioVersion = 17.0.31903.59
MinimumVisualStudioVersion = 10.0.40219.1
Project("{FAE04EC0-301F-11D3-BF4B-00C04F79EFBC}") = "BlueType.Agent", "BlueType.Agent\BlueType.Agent.csproj", "{C75155EF-A855-47F0-8188-4E117D9FE1AA}"
EndProject
Project("{FAE04EC0-301F-11D3-BF4B-00C04F79EFBC}") = "BlueType.TestClient", "BlueType.TestClient\BlueType.TestClient.csproj", "{94DD2FF9-B053-49DB-834A-1ECBC4182329}"
EndProject
Project("{FAE04EC0-301F-11D3-BF4B-00C04F79EFBC}") = "BlueType.Protocol", "BlueType.Protocol\BlueType.Protocol.csproj", "{7E65DC58-E7AB-4F75-A607-0CE393BEEB31}"
EndProject
Project("{FAE04EC0-301F-11D3-BF4B-00C04F79EFBC}") = "BlueType.Agent.Tests", "BlueType.Agent.Tests\BlueType.Agent.Tests.csproj", "{2C3495EC-9DCD-491E-8CDA-FD623C52A8D6}"
EndProject
Global
	GlobalSection(SolutionConfigurationPlatforms) = preSolution
		Debug|Any CPU = Debug|Any CPU
		Debug|x64 = Debug|x64
		Debug|x86 = Debug|x86
		Release|Any CPU = Release|Any CPU
		Release|x64 = Release|x64
		Release|x86 = Release|x86
	EndGlobalSection
	GlobalSection(ProjectConfigurationPlatforms) = postSolution
		{C75155EF-A855-47F0-8188-4E117D9FE1AA}.Debug|Any CPU.ActiveCfg = Debug|Any CPU
		{C75155EF-A855-47F0-8188-4E117D9FE1AA}.Debug|Any CPU.Build.0 = Debug|Any CPU
		{C75155EF-A855-47F0-8188-4E117D9FE1AA}.Debug|x64.ActiveCfg = Debug|Any CPU
		{C75155EF-A855-47F0-8188-4E117D9FE1AA}.Debug|x64.Build.0 = Debug|Any CPU
		{C75155EF-A855-47F0-8188-4E117D9FE1AA}.Debug|x86.ActiveCfg = Debug|Any CPU
		{C75155EF-A855-47F0-8188-4E117D9FE1AA}.Debug|x86.Build.0 = Debug|Any CPU
		{C75155EF-A855-47F0-8188-4E117D9FE1AA}.Release|Any CPU.ActiveCfg = Release|Any CPU
		{C75155EF-A855-47F0-8188-4E117D9FE1AA}.Release|Any CPU.Build.0 = Release|Any CPU
		{C75155EF-A855-47F0-8188-4E117D9FE1AA}.Release|x64.ActiveCfg = Release|Any CPU
		{C75155EF-A855-47F0-8188-4E117D9FE1AA}.Release|x64.Build.0 = Release|Any CPU
		{C75155EF-A855-47F0-8188-4E117D9FE1AA}.Release|x86.ActiveCfg = Release|Any CPU
		{C75155EF-A855-47F0-8188-4E117D9FE1AA}.Release|x86.Build.0 = Release|Any CPU
		{94DD2FF9-B053-49DB-834A-1ECBC4182329}.Debug|Any CPU.ActiveCfg = Debug|Any CPU
		{94DD2FF9-B053-49DB-834A-1ECBC4182329}.Debug|Any CPU.Build.0 = Debug|Any CPU
		{94DD2FF9-B053-49DB-834A-1ECBC4182329}.Debug|x64.ActiveCfg = Debug|Any CPU
		{94DD2FF9-B053-49DB-834A-1ECBC4182329}.Debug|x64.Build.0 = Debug|Any CPU
		{94DD2FF9-B053-49DB-834A-1ECBC4182329}.Debug|x86.ActiveCfg = Debug|Any CPU
		{94DD2FF9-B053-49DB-834A-1ECBC4182329}.Debug|x86.Build.0 = Debug|Any CPU
		{94DD2FF9-B053-49DB-834A-1ECBC4182329}.Release|Any CPU.ActiveCfg = Release|Any CPU
		{94DD2FF9-B053-49DB-834A-1ECBC4182329}.Release|Any CPU.Build.0 = Release|Any CPU
		{94DD2FF9-B053-49DB-834A-1ECBC4182329}.Release|x64.ActiveCfg = Release|Any CPU
		{94DD2FF9-B053-49DB-834A-1ECBC4182329}.Release|x64.Build.0 = Release|Any CPU
		{94DD2FF9-B053-49DB-834A-1ECBC4182329}.Release|x86.ActiveCfg = Release|Any CPU
		{94DD2FF9-B053-49DB-834A-1ECBC4182329}.Release|x86.Build.0 = Release|Any CPU
		{7E65DC58-E7AB-4F75-A607-0CE393BEEB31}.Debug|Any CPU.ActiveCfg = Debug|Any CPU
		{7E65DC58-E7AB-4F75-A607-0CE393BEEB31}.Debug|Any CPU.Build.0 = Debug|Any CPU
		{7E65DC58-E7AB-4F75-A607-0CE393BEEB31}.Debug|x64.ActiveCfg = Debug|Any CPU
		{7E65DC58-E7AB-4F75-A607-0CE393BEEB31}.Debug|x64.Build.0 = Debug|Any CPU
		{7E65DC58-E7AB-4F75-A607-0CE393BEEB31}.Debug|x86.ActiveCfg = Debug|Any CPU
		{7E65DC58-E7AB-4F75-A607-0CE393BEEB31}.Debug|x86.Build.0 = Debug|Any CPU
		{7E65DC58-E7AB-4F75-A607-0CE393BEEB31}.Release|Any CPU.ActiveCfg = Release|Any CPU
		{7E65DC58-E7AB-4F75-A607-0CE393BEEB31}.Release|Any CPU.Build.0 = Release|Any CPU
		{7E65DC58-E7AB-4F75-A607-0CE393BEEB31}.Release|x64.ActiveCfg = Release|Any CPU
		{7E65DC58-E7AB-4F75-A607-0CE393BEEB31}.Release|x64.Build.0 = Release|Any CPU
		{7E65DC58-E7AB-4F75-A607-0CE393BEEB31}.Release|x86.ActiveCfg = Release|Any CPU
		{7E65DC58-E7AB-4F75-A607-0CE393BEEB31}.Release|x86.Build.0 = Release|Any CPU
		{2C3495EC-9DCD-491E-8CDA-FD623C52A8D6}.Debug|Any CPU.ActiveCfg = Debug|Any CPU
		{2C3495EC-9DCD-491E-8CDA-FD623C52A8D6}.Debug|Any CPU.Build.0 = Debug|Any CPU
		{2C3495EC-9DCD-491E-8CDA-FD623C52A8D6}.Debug|x64.ActiveCfg = Debug|Any CPU
		{2C3495EC-9DCD-491E-8CDA-FD623C52A8D6}.Debug|x64.Build.0 = Debug|Any CPU
		{2C3495EC-9DCD-491E-8CDA-FD623C52A8D6}.Debug|x86.ActiveCfg = Debug|Any CPU
		{2C3495EC-9DCD-491E-8CDA-FD623C52A8D6}.Debug|x86.Build.0 = Debug|Any CPU
		{2C3495EC-9DCD-491E-8CDA-FD623C52A8D6}.Release|Any CPU.ActiveCfg = Release|Any CPU
		{2C3495EC-9DCD-491E-8CDA-FD623C52A8D6}.Release|Any CPU.Build.0 = Release|Any CPU
		{2C3495EC-9DCD-491E-8CDA-FD623C52A8D6}.Release|x64.ActiveCfg = Release|Any CPU
		{2C3495EC-9DCD-491E-8CDA-FD623C52A8D6}.Release|x64.Build.0 = Release|Any CPU
		{2C3495EC-9DCD-491E-8CDA-FD623C52A8D6}.Release|x86.ActiveCfg = Release|Any CPU
		{2C3495EC-9DCD-491E-8CDA-FD623C52A8D6}.Release|x86.Build.0 = Release|Any CPU
	EndGlobalSection
	GlobalSection(SolutionProperties) = preSolution
		HideSolutionNode = FALSE
	EndGlobalSection
EndGlobal
